hash: 758f82d0cf002cb384a922daafb35723c24f7e7b2a01b130b69cea3059caea78
updated: 2018-08-10T20:22:23.416975373+06:00
imports:
- name: github.com/apex/log
  version: 941dea75d3ebfbdd905a5d8b7b232965c5e5c684
- name: github.com/appscode/go
  version: df3c57fca2bef0e5b7fd085507deb20f18c790df
  subpackages:
  - log/golog
  - runtime
  - version
- name: github.com/cpuguy83/go-md2man
  version: 691ee98543af2f262f35fbb54bdd42f00b9b9cc5
  subpackages:
  - md2man
- name: github.com/golang/glog
  version: 23def4e6c14b4da8ac2ed8007337bc5eb5007998
- name: github.com/golang/protobuf
  version: 6e4cc92cc905d5f4a73041c1b8228ea08f4c6147
  subpackages:
  - proto
- name: github.com/google/go-github
  version: 4430a04b2018f2e2dbee0f3ee44d9ed18c543b16
  subpackages:
  - github
- name: github.com/google/go-querystring
  version: 53e6ce116135b80d037921a7fdd5138cf32d7a8a
  subpackages:
  - query
- name: github.com/inconshreveable/mousetrap
  version: 76626ae9c91c4f2a10f34cad8ce83ea42c93bb75
- name: github.com/jpillora/go-ogle-analytics
  version: 14b04e0594ef6a9fd943363b135656f0ec8c9d0e
- name: github.com/pkg/errors
  version: 645ef00459ed84a119197bfb8d8205042c6df63d
- name: github.com/russross/blackfriday
  version: 11635eb403ff09dbc3a6b5a007ab5ab09151c229
- name: github.com/spf13/cobra
  version: ef82de70bb3f60c65fb8eebacbb2d122ef517385
  subpackages:
  - doc
- name: github.com/spf13/pflag
  version: 583c0c0531f06d5278b7d917446061adc344b5cd
- name: golang.org/x/net
  version: da118f7b8e5954f39d0d2130ab35d4bf0e3cb344
  subpackages:
  - context
  - context/ctxhttp
- name: golang.org/x/oauth2
  version: 3d292e4d0cdc3a0113e6d207bb137145ef1de42f
  subpackages:
  - internal
- name: google.golang.org/appengine
  version: 4216e58b9158e5f1c906f1aca75162a46a2ec88a
  subpackages:
  - internal
  - internal/base
  - internal/datastore
  - internal/log
  - internal/remote_api
  - internal/urlfetch
  - urlfetch
- name: gopkg.in/yaml.v2
  version: 5420a8b6744d3b0345ab293f6fcba19c978f1183
testImports:
- name: github.com/davecgh/go-spew
  version: 6d212800a42e8ab5c146b8ace3490ee17e5225f9
  subpackages:
  - spew
- name: github.com/pmezard/go-difflib
  version: d8ed2627bdf02c080bf22230dbb337003b7aba2d
  subpackages:
  - difflib
- name: github.com/stretchr/testify
  version: 69483b4bd14f5845b5a1e55bca19e954e827f1d0
  subpackages:
  - assert
